// !$*UTF8*$!
{
	archiveVersion = 1;
	classes = {
	};
	objectVersion = 52;
	objects = {

/* Begin PBXBuildFile section */
		0818D369268B575000E3FBDB /* Alamofire in Frameworks */ = {isa = PBXBuildFile; productRef = 0818D368268B575000E3FBDB /* Alamofire */; };
		0818D36D268C380F00E3FBDB /* Banner.swift in Sources */ = {isa = PBXBuildFile; fileRef = 0818D36C268C380F00E3FBDB /* Banner.swift */; };
		0818D36F268C383100E3FBDB /* Song.swift in Sources */ = {isa = PBXBuildFile; fileRef = 0818D36E268C383100E3FBDB /* Song.swift */; };
		085A6625268A792D001A8663 /* HomeView.swift in Sources */ = {isa = PBXBuildFile; fileRef = 085A6624268A792D001A8663 /* HomeView.swift */; };
		088567F4268A13950014D249 /* NetMusicPlayerApp.swift in Sources */ = {isa = PBXBuildFile; fileRef = 088567F3268A13950014D249 /* NetMusicPlayerApp.swift */; };
		088567F6268A13950014D249 /* ContentView.swift in Sources */ = {isa = PBXBuildFile; fileRef = 088567F5268A13950014D249 /* ContentView.swift */; };
		088567F8268A13960014D249 /* Assets.xcassets in Resources */ = {isa = PBXBuildFile; fileRef = 088567F7268A13960014D249 /* Assets.xcassets */; };
		088567FB268A13960014D249 /* Preview Assets.xcassets in Resources */ = {isa = PBXBuildFile; fileRef = 088567FA268A13960014D249 /* Preview Assets.xcassets */; };
		08856806268A13960014D249 /* NetMusicPlayerTests.swift in Sources */ = {isa = PBXBuildFile; fileRef = 08856805268A13960014D249 /* NetMusicPlayerTests.swift */; };
		08856811268A13960014D249 /* NetMusicPlayerUITests.swift in Sources */ = {isa = PBXBuildFile; fileRef = 08856810268A13960014D249 /* NetMusicPlayerUITests.swift */; };
/* End PBXBuildFile section */

/* Begin PBXContainerItemProxy section */
		08856802268A13960014D249 /* PBXContainerItemProxy */ = {
			isa = PBXContainerItemProxy;
			containerPortal = 088567E8268A13950014D249 /* Project object */;
			proxyType = 1;
			remoteGlobalIDString = 088567EF268A13950014D249;
			remoteInfo = NetMusicPlayer;
		};
		0885680D268A13960014D249 /* PBXContainerItemProxy */ = {
			isa = PBXContainerItemProxy;
			containerPortal = 088567E8268A13950014D249 /* Project object */;
			proxyType = 1;
			remoteGlobalIDString = 088567EF268A13950014D249;
			remoteInfo = NetMusicPlayer;
		};
/* End PBXContainerItemProxy section */

/* Begin PBXFileReference section */
		0818D36C268C380F00E3FBDB /* Banner.swift */ = {isa = PBXFileReference; lastKnownFileType = sourcecode.swift; path = Banner.swift; sourceTree = "<group>"; };
		0818D36E268C383100E3FBDB /* Song.swift */ = {isa = PBXFileReference; lastKnownFileType = sourcecode.swift; path = Song.swift; sourceTree = "<group>"; };
		085A6624268A792D001A8663 /* HomeView.swift */ = {isa = PBXFileReference; lastKnownFileType = sourcecode.swift; path = HomeView.swift; sourceTree = "<group>"; };
		088567F0268A13950014D249 /* NetMusicPlayer.app */ = {isa = PBXFileReference; explicitFileType = wrapper.application; includeInIndex = 0; path = NetMusicPlayer.app; sourceTree = BUILT_PRODUCTS_DIR; };
		088567F3268A13950014D249 /* NetMusicPlayerApp.swift */ = {isa = PBXFileReference; lastKnownFileType = sourcecode.swift; path = NetMusicPlayerApp.swift; sourceTree = "<group>"; };
		088567F5268A13950014D249 /* ContentView.swift */ = {isa = PBXFileReference; lastKnownFileType = sourcecode.swift; path = ContentView.swift; sourceTree = "<group>"; };
		088567F7268A13960014D249 /* Assets.xcassets */ = {isa = PBXFileReference; lastKnownFileType = folder.assetcatalog; path = Assets.xcassets; sourceTree = "<group>"; };
		088567FA268A13960014D249 /* Preview Assets.xcassets */ = {isa = PBXFileReference; lastKnownFileType = folder.assetcatalog; path = "Preview Assets.xcassets"; sourceTree = "<group>"; };
		088567FC268A13960014D249 /* Info.plist */ = {isa = PBXFileReference; lastKnownFileType = text.plist.xml; path = Info.plist; sourceTree = "<group>"; };
		08856801268A13960014D249 /* NetMusicPlayerTests.xctest */ = {isa = PBXFileReference; explicitFileType = wrapper.cfbundle; includeInIndex = 0; path = NetMusicPlayerTests.xctest; sourceTree = BUILT_PRODUCTS_DIR; };
		08856805268A13960014D249 /* NetMusicPlayerTests.swift */ = {isa = PBXFileReference; lastKnownFileType = sourcecode.swift; path = NetMusicPlayerTests.swift; sourceTree = "<group>"; };
		08856807268A13960014D249 /* Info.plist */ = {isa = PBXFileReference; lastKnownFileType = text.plist.xml; path = Info.plist; sourceTree = "<group>"; };
		0885680C268A13960014D249 /* NetMusicPlayerUITests.xctest */ = {isa = PBXFileReference; explicitFileType = wrapper.cfbundle; includeInIndex = 0; path = NetMusicPlayerUITests.xctest; sourceTree = BUILT_PRODUCTS_DIR; };
		08856810268A13960014D249 /* NetMusicPlayerUITests.swift */ = {isa = PBXFileReference; lastKnownFileType = sourcecode.swift; path = NetMusicPlayerUITests.swift; sourceTree = "<group>"; };
		08856812268A13960014D249 /* Info.plist */ = {isa = PBXFileReference; lastKnownFileType = text.plist.xml; path = Info.plist; sourceTree = "<group>"; };
/* End PBXFileReference section */

/* Begin PBXFrameworksBuildPhase section */
		088567ED268A13950014D249 /* Frameworks */ = {
			isa = PBXFrameworksBuildPhase;
			buildActionMask = 2147483647;
			files = (
				0818D369268B575000E3FBDB /* Alamofire in Frameworks */,
			);
			runOnlyForDeploymentPostprocessing = 0;
		};
		088567FE268A13960014D249 /* Frameworks */ = {
			isa = PBXFrameworksBuildPhase;
			buildActionMask = 2147483647;
			files = (
			);
			runOnlyForDeploymentPostprocessing = 0;
		};
		08856809268A13960014D249 /* Frameworks */ = {
			isa = PBXFrameworksBuildPhase;
			buildActionMask = 2147483647;
			files = (
			);
			runOnlyForDeploymentPostprocessing = 0;
		};
/* End PBXFrameworksBuildPhase section */

/* Begin PBXGroup section */
		0818D36A268C377E00E3FBDB /* Models */ = {
			isa = PBXGroup;
			children = (
				0818D36C268C380F00E3FBDB /* Banner.swift */,
				0818D36E268C383100E3FBDB /* Song.swift */,
			);
			path = Models;
			sourceTree = "<group>";
		};
		0818D36B268C378600E3FBDB /* ViewModels */ = {
			isa = PBXGroup;
			children = (
			);
			path = ViewModels;
			sourceTree = "<group>";
		};
		085A6623268A78E2001A8663 /* Views */ = {
			isa = PBXGroup;
			children = (
				085A6624268A792D001A8663 /* HomeView.swift */,
			);
			path = Views;
			sourceTree = "<group>";
		};
		088567E7268A13950014D249 = {
			isa = PBXGroup;
			children = (
				088567F2268A13950014D249 /* NetMusicPlayer */,
				08856804268A13960014D249 /* NetMusicPlayerTests */,
				0885680F268A13960014D249 /* NetMusicPlayerUITests */,
				088567F1268A13950014D249 /* Products */,
			);
			sourceTree = "<group>";
		};
		088567F1268A13950014D249 /* Products */ = {
			isa = PBXGroup;
			children = (
				088567F0268A13950014D249 /* NetMusicPlayer.app */,
				08856801268A13960014D249 /* NetMusicPlayerTests.xctest */,
				0885680C268A13960014D249 /* NetMusicPlayerUITests.xctest */,
			);
			name = Products;
			sourceTree = "<group>";
		};
		088567F2268A13950014D249 /* NetMusicPlayer */ = {
			isa = PBXGroup;
			children = (
				0818D36A268C377E00E3FBDB /* Models */,
				0818D36B268C378600E3FBDB /* ViewModels */,
				085A6623268A78E2001A8663 /* Views */,
				088567F3268A13950014D249 /* NetMusicPlayerApp.swift */,
				088567F5268A13950014D249 /* ContentView.swift */,
				088567F7268A13960014D249 /* Assets.xcassets */,
				088567FC268A13960014D249 /* Info.plist */,
				088567F9268A13960014D249 /* Preview Content */,
			);
			path = NetMusicPlayer;
			sourceTree = "<group>";
		};
		088567F9268A13960014D249 /* Preview Content */ = {
			isa = PBXGroup;
			children = (
				088567FA268A13960014D249 /* Preview Assets.xcassets */,
			);
			path = "Preview Content";
			sourceTree = "<group>";
		};
		08856804268A13960014D249 /* NetMusicPlayerTests */ = {
			isa = PBXGroup;
			children = (
				08856805268A13960014D249 /* NetMusicPlayerTests.swift */,
				08856807268A13960014D249 /* Info.plist */,
			);
			path = NetMusicPlayerTests;
			sourceTree = "<group>";
		};
		0885680F268A13960014D249 /* NetMusicPlayerUITests */ = {
			isa = PBXGroup;
			children = (
				08856810268A13960014D249 /* NetMusicPlayerUITests.swift */,
				08856812268A13960014D249 /* Info.plist */,
			);
			path = NetMusicPlayerUITests;
			sourceTree = "<group>";
		};
/* End PBXGroup section */

/* Begin PBXNativeTarget section */
		088567EF268A13950014D249 /* NetMusicPlayer */ = {
			isa = PBXNativeTarget;
			buildConfigurationList = 08856815268A13960014D249 /* Build configuration list for PBXNativeTarget "NetMusicPlayer" */;
			buildPhases = (
				088567EC268A13950014D249 /* Sources */,
				088567ED268A13950014D249 /* Frameworks */,
				088567EE268A13950014D249 /* Resources */,
			);
			buildRules = (
			);
			dependencies = (
			);
			name = NetMusicPlayer;
			packageProductDependencies = (
				0818D368268B575000E3FBDB /* Alamofire */,
			);
			productName = NetMusicPlayer;
			productReference = 088567F0268A13950014D249 /* NetMusicPlayer.app */;
			productType = "com.apple.product-type.application";
		};
		08856800268A13960014D249 /* NetMusicPlayerTests */ = {
			isa = PBXNativeTarget;
			buildConfigurationList = 08856818268A13960014D249 /* Build configuration list for PBXNativeTarget "NetMusicPlayerTests" */;
			buildPhases = (
				088567FD268A13960014D249 /* Sources */,
				088567FE268A13960014D249 /* Frameworks */,
				088567FF268A13960014D249 /* Resources */,
			);
			buildRules = (
			);
			dependencies = (
				08856803268A13960014D249 /* PBXTargetDependency */,
			);
			name = NetMusicPlayerTests;
			productName = NetMusicPlayerTests;
			productReference = 08856801268A13960014D249 /* NetMusicPlayerTests.xctest */;
			productType = "com.apple.product-type.bundle.unit-test";
		};
		0885680B268A13960014D249 /* NetMusicPlayerUITests */ = {
			isa = PBXNativeTarget;
			buildConfigurationList = 0885681B268A13960014D249 /* Build configuration list for PBXNativeTarget "NetMusicPlayerUITests" */;
			buildPhases = (
				08856808268A13960014D249 /* Sources */,
				08856809268A13960014D249 /* Frameworks */,
				0885680A268A13960014D249 /* Resources */,
			);
			buildRules = (
			);
			dependencies = (
				0885680E268A13960014D249 /* PBXTargetDependency */,
			);
			name = NetMusicPlayerUITests;
			productName = NetMusicPlayerUITests;
			productReference = 0885680C268A13960014D249 /* NetMusicPlayerUITests.xctest */;
			productType = "com.apple.product-type.bundle.ui-testing";
		};
/* End PBXNativeTarget section */

/* Begin PBXProject section */
		088567E8268A13950014D249 /* Project object */ = {
			isa = PBXProject;
			attributes = {
				LastSwiftUpdateCheck = 1250;
				LastUpgradeCheck = 1250;
				TargetAttributes = {
					088567EF268A13950014D249 = {
						CreatedOnToolsVersion = 12.5.1;
					};
					08856800268A13960014D249 = {
						CreatedOnToolsVersion = 12.5.1;
						TestTargetID = 088567EF268A13950014D249;
					};
					0885680B268A13960014D249 = {
						CreatedOnToolsVersion = 12.5.1;
						TestTargetID = 088567EF268A13950014D249;
					};
				};
			};
			buildConfigurationList = 088567EB268A13950014D249 /* Build configuration list for PBXProject "NetMusicPlayer" */;
			compatibilityVersion = "Xcode 9.3";
			developmentRegion = en;
			hasScannedForEncodings = 0;
			knownRegions = (
				en,
				Base,
			);
			mainGroup = 088567E7268A13950014D249;
			packageReferences = (
				0818D367268B575000E3FBDB /* XCRemoteSwiftPackageReference "Alamofire" */,
			);
			productRefGroup = 088567F1268A13950014D249 /* Products */;
			projectDirPath = "";
			projectRoot = "";
			targets = (
				088567EF268A13950014D249 /* NetMusicPlayer */,
				08856800268A13960014D249 /* NetMusicPlayerTests */,
				0885680B268A13960014D249 /* NetMusicPlayerUITests */,
			);
		};
/* End PBXProject section */

/* Begin PBXResourcesBuildPhase section */
		088567EE268A13950014D249 /* Resources */ = {
			isa = PBXResourcesBuildPhase;
			buildActionMask = 2147483647;
			files = (
				088567FB268A13960014D249 /* Preview Assets.xcassets in Resources */,
				088567F8268A13960014D249 /* Assets.xcassets in Resources */,
			);
			runOnlyForDeploymentPostprocessing = 0;
		};
		088567FF268A13960014D249 /* Resources */ = {
			isa = PBXResourcesBuildPhase;
			buildActionMask = 2147483647;
			files = (
			);
			runOnlyForDeploymentPostprocessing = 0;
		};
		0885680A268A13960014D249 /* Resources */ = {
			isa = PBXResourcesBuildPhase;
			buildActionMask = 2147483647;
			files = (
			);
			runOnlyForDeploymentPostprocessing = 0;
		};
/* End PBXResourcesBuildPhase section */

/* Begin PBXSourcesBuildPhase section */
		088567EC268A13950014D249 /* Sources */ = {
			isa = PBXSourcesBuildPhase;
			buildActionMask = 2147483647;
			files = (
				085A6625268A792D001A8663 /* HomeView.swift in Sources */,
				0818D36D268C380F00E3FBDB /* Banner.swift in Sources */,
				088567F6268A13950014D249 /* ContentView.swift in Sources */,
				088567F4268A13950014D249 /* NetMusicPlayerApp.swift in Sources */,
				0818D36F268C383100E3FBDB /* Song.swift in Sources */,
			);
			runOnlyForDeploymentPostprocessing = 0;
		};
		088567FD268A13960014D249 /* Sources */ = {
			isa = PBXSourcesBuildPhase;
			buildActionMask = 2147483647;
			files = (
				08856806268A13960014D249 /* NetMusicPlayerTests.swift in Sources */,
			);
			runOnlyForDeploymentPostprocessing = 0;
		};
		08856808268A13960014D249 /* Sources */ = {
			isa = PBXSourcesBuildPhase;
			buildActionMask = 2147483647;
			files = (
				08856811268A13960014D249 /* NetMusicPlayerUITests.swift in Sources */,
			);
			runOnlyForDeploymentPostprocessing = 0;
		};
/* End PBXSourcesBuildPhase section */

/* Begin PBXTargetDependency section */
		08856803268A13960014D249 /* PBXTargetDependency */ = {
			isa = PBXTargetDependency;
			target = 088567EF268A13950014D249 /* NetMusicPlayer */;
			targetProxy = 08856802268A13960014D249 /* PBXContainerItemProxy */;
		};
		0885680E268A13960014D249 /* PBXTargetDependency */ = {
			isa = PBXTargetDependency;
			target = 088567EF268A13950014D249 /* NetMusicPlayer */;
			targetProxy = 0885680D268A13960014D249 /* PBXContainerItemProxy */;
		};
/* End PBXTargetDependency section */

/* Begin XCBuildConfiguration section */
		08856813268A13960014D249 /* Debug */ = {
			isa = XCBuildConfiguration;
			buildSettings = {
				ALWAYS_SEARCH_USER_PATHS = NO;
				CLANG_ANALYZER_NONNULL = YES;
				CLANG_ANALYZER_NUMBER_OBJECT_CONVERSION = YES_AGGRESSIVE;
				CLANG_CXX_LANGUAGE_STANDARD = "gnu++14";
				CLANG_CXX_LIBRARY = "libc++";
				CLANG_ENABLE_MODULES = YES;
				CLANG_ENABLE_OBJC_ARC = YES;
				CLANG_ENABLE_OBJC_WEAK = YES;
				CLANG_WARN_BLOCK_CAPTURE_AUTORELEASING = YES;
				CLANG_WARN_BOOL_CONVERSION = YES;
				CLANG_WARN_COMMA = YES;
				CLANG_WARN_CONSTANT_CONVERSION = YES;
				CLANG_WARN_DEPRECATED_OBJC_IMPLEMENTATIONS = YES;
				CLANG_WARN_DIRECT_OBJC_ISA_USAGE = YES_ERROR;
				CLANG_WARN_DOCUMENTATION_COMMENTS = YES;
				CLANG_WARN_EMPTY_BODY = YES;
				CLANG_WARN_ENUM_CONVERSION = YES;
				CLANG_WARN_INFINITE_RECURSION = YES;
				CLANG_WARN_INT_CONVERSION = YES;
				CLANG_WARN_NON_LITERAL_NULL_CONVERSION = YES;
				CLANG_WARN_OBJC_IMPLICIT_RETAIN_SELF = YES;
				CLANG_WARN_OBJC_LITERAL_CONVERSION = YES;
				CLANG_WARN_OBJC_ROOT_CLASS = YES_ERROR;
				CLANG_WARN_QUOTED_INCLUDE_IN_FRAMEWORK_HEADER = YES;
				CLANG_WARN_RANGE_LOOP_ANALYSIS = YES;
				CLANG_WARN_STRICT_PROTOTYPES = YES;
				CLANG_WARN_SUSPICIOUS_MOVE = YES;
				CLANG_WARN_UNGUARDED_AVAILABILITY = YES_AGGRESSIVE;
				CLANG_WARN_UNREACHABLE_CODE = YES;
				CLANG_WARN__DUPLICATE_METHOD_MATCH = YES;
				COPY_PHASE_STRIP = NO;
				DEBUG_INFORMATION_FORMAT = dwarf;
				ENABLE_STRICT_OBJC_MSGSEND = YES;
				ENABLE_TESTABILITY = YES;
				GCC_C_LANGUAGE_STANDARD = gnu11;
				GCC_DYNAMIC_NO_PIC = NO;
				GCC_NO_COMMON_BLOCKS = YES;
				GCC_OPTIMIZATION_LEVEL = 0;
				GCC_PREPROCESSOR_DEFINITIONS = (
					"DEBUG=1",
					"$(inherited)",
				);
				GCC_WARN_64_TO_32_BIT_CONVERSION = YES;
				GCC_WARN_ABOUT_RETURN_TYPE = YES_ERROR;
				GCC_WARN_UNDECLARED_SELECTOR = YES;
				GCC_WARN_UNINITIALIZED_AUTOS = YES_AGGRESSIVE;
				GCC_WARN_UNUSED_FUNCTION = YES;
				GCC_WARN_UNUSED_VARIABLE = YES;
				IPHONEOS_DEPLOYMENT_TARGET = 14.5;
				MTL_ENABLE_DEBUG_INFO = INCLUDE_SOURCE;
				MTL_FAST_MATH = YES;
				ONLY_ACTIVE_ARCH = YES;
				SDKROOT = iphoneos;
				SWIFT_ACTIVE_COMPILATION_CONDITIONS = DEBUG;
				SWIFT_OPTIMIZATION_LEVEL = "-Onone";
			};
			name = Debug;
		};
		08856814268A13960014D249 /* Release */ = {
			isa = XCBuildConfiguration;
			buildSettings = {
				ALWAYS_SEARCH_USER_PATHS = NO;
				CLANG_ANALYZER_NONNULL = YES;
				CLANG_ANALYZER_NUMBER_OBJECT_CONVERSION = YES_AGGRESSIVE;
				CLANG_CXX_LANGUAGE_STANDARD = "gnu++14";
				CLANG_CXX_LIBRARY = "libc++";
				CLANG_ENABLE_MODULES = YES;
				CLANG_ENABLE_OBJC_ARC = YES;
				CLANG_ENABLE_OBJC_WEAK = YES;
				CLANG_WARN_BLOCK_CAPTURE_AUTORELEASING = YES;
				CLANG_WARN_BOOL_CONVERSION = YES;
				CLANG_WARN_COMMA = YES;
				CLANG_WARN_CONSTANT_CONVERSION = YES;
				CLANG_WARN_DEPRECATED_OBJC_IMPLEMENTATIONS = YES;
				CLANG_WARN_DIRECT_OBJC_ISA_USAGE = YES_ERROR;
				CLANG_WARN_DOCUMENTATION_COMMENTS = YES;
				CLANG_WARN_EMPTY_BODY = YES;
				CLANG_WARN_ENUM_CONVERSION = YES;
				CLANG_WARN_INFINITE_RECURSION = YES;
				CLANG_WARN_INT_CONVERSION = YES;
				CLANG_WARN_NON_LITERAL_NULL_CONVERSION = YES;
				CLANG_WARN_OBJC_IMPLICIT_RETAIN_SELF = YES;
				CLANG_WARN_OBJC_LITERAL_CONVERSION = YES;
				CLANG_WARN_OBJC_ROOT_CLASS = YES_ERROR;
				CLANG_WARN_QUOTED_INCLUDE_IN_FRAMEWORK_HEADER = YES;
				CLANG_WARN_RANGE_LOOP_ANALYSIS = YES;
				CLANG_WARN_STRICT_PROTOTYPES = YES;
				CLANG_WARN_SUSPICIOUS_MOVE = YES;
				CLANG_WARN_UNGUARDED_AVAILABILITY = YES_AGGRESSIVE;
				CLANG_WARN_UNREACHABLE_CODE = YES;
				CLANG_WARN__DUPLICATE_METHOD_MATCH = YES;
				COPY_PHASE_STRIP = NO;
				DEBUG_INFORMATION_FORMAT = "dwarf-with-dsym";
				ENABLE_NS_ASSERTIONS = NO;
				ENABLE_STRICT_OBJC_MSGSEND = YES;
				GCC_C_LANGUAGE_STANDARD = gnu11;
				GCC_NO_COMMON_BLOCKS = YES;
				GCC_WARN_64_TO_32_BIT_CONVERSION = YES;
				GCC_WARN_ABOUT_RETURN_TYPE = YES_ERROR;
				GCC_WARN_UNDECLARED_SELECTOR = YES;
				GCC_WARN_UNINITIALIZED_AUTOS = YES_AGGRESSIVE;
				GCC_WARN_UNUSED_FUNCTION = YES;
				GCC_WARN_UNUSED_VARIABLE = YES;
				IPHONEOS_DEPLOYMENT_TARGET = 14.5;
				MTL_ENABLE_DEBUG_INFO = NO;
				MTL_FAST_MATH = YES;
				SDKROOT = iphoneos;
				SWIFT_COMPILATION_MODE = wholemodule;
				SWIFT_OPTIMIZATION_LEVEL = "-O";
				VALIDATE_PRODUCT = YES;
			};
			name = Release;
		};
		08856816268A13960014D249 /* Debug */ = {
			isa = XCBuildConfiguration;
			buildSettings = {
				ASSETCATALOG_COMPILER_APPICON_NAME = AppIcon;
				ASSETCATALOG_COMPILER_GLOBAL_ACCENT_COLOR_NAME = AccentColor;
				CODE_SIGN_STYLE = Automatic;
				DEVELOPMENT_ASSET_PATHS = "\"NetMusicPlayer/Preview Content\"";
				DEVELOPMENT_TEAM = 5KBCJMJ6Y8;
				ENABLE_PREVIEWS = YES;
				INFOPLIST_FILE = NetMusicPlayer/Info.plist;
				IPHONEOS_DEPLOYMENT_TARGET = 14.0;
				LD_RUNPATH_SEARCH_PATHS = (
					"$(inherited)",
					"@executable_path/Frameworks",
				);
				PRODUCT_BUNDLE_IDENTIFIER = com.pupils.NetMusicPlayer;
				PRODUCT_NAME = "$(TARGET_NAME)";
				SWIFT_VERSION = 5.0;
				TARGETED_DEVICE_FAMILY = "1,2";
			};
			name = Debug;
		};
		08856817268A13960014D249 /* Release */ = {
			isa = XCBuildConfiguration;
			buildSettings = {
				ASSETCATALOG_COMPILER_APPICON_NAME = AppIcon;
				ASSETCATALOG_COMPILER_GLOBAL_ACCENT_COLOR_NAME = AccentColor;
				CODE_SIGN_STYLE = Automatic;
				DEVELOPMENT_ASSET_PATHS = "\"NetMusicPlayer/Preview Content\"";
				DEVELOPMENT_TEAM = 5KBCJMJ6Y8;
				ENABLE_PREVIEWS = YES;
				INFOPLIST_FILE = NetMusicPlayer/Info.plist;
				IPHONEOS_DEPLOYMENT_TARGET = 14.0;
				LD_RUNPATH_SEARCH_PATHS = (
					"$(inherited)",
					"@executable_path/Frameworks",
				);
				PRODUCT_BUNDLE_IDENTIFIER = com.pupils.NetMusicPlayer;
				PRODUCT_NAME = "$(TARGET_NAME)";
				SWIFT_VERSION = 5.0;
				TARGETED_DEVICE_FAMILY = "1,2";
			};
			name = Release;
		};
		08856819268A13960014D249 /* Debug */ = {
			isa = XCBuildConfiguration;
			buildSettings = {
				ALWAYS_EMBED_SWIFT_STANDARD_LIBRARIES = YES;
				BUNDLE_LOADER = "$(TEST_HOST)";
				CODE_SIGN_STYLE = Automatic;
				DEVELOPMENT_TEAM = 5KBCJMJ6Y8;
				INFOPLIST_FILE = NetMusicPlayerTests/Info.plist;
				IPHONEOS_DEPLOYMENT_TARGET = 14.0;
				LD_RUNPATH_SEARCH_PATHS = (
					"$(inherited)",
					"@executable_path/Frameworks",
					"@loader_path/Frameworks",
				);
				PRODUCT_BUNDLE_IDENTIFIER = com.pupils.NetMusicPlayerTests;
				PRODUCT_NAME = "$(TARGET_NAME)";
				SWIFT_VERSION = 5.0;
				TARGETED_DEVICE_FAMILY = "1,2";
				TEST_HOST = "$(BUILT_PRODUCTS_DIR)/NetMusicPlayer.app/NetMusicPlayer";
			};
			name = Debug;
		};
		0885681A268A13960014D249 /* Release */ = {
			isa = XCBuildConfiguration;
			buildSettings = {
				ALWAYS_EMBED_SWIFT_STANDARD_LIBRARIES = YES;
				BUNDLE_LOADER = "$(TEST_HOST)";
				CODE_SIGN_STYLE = Automatic;
				DEVELOPMENT_TEAM = 5KBCJMJ6Y8;
				INFOPLIST_FILE = NetMusicPlayerTests/Info.plist;
				IPHONEOS_DEPLOYMENT_TARGET = 14.0;
				LD_RUNPATH_SEARCH_PATHS = (
					"$(inherited)",
					"@executable_path/Frameworks",
					"@loader_path/Frameworks",
				);
				PRODUCT_BUNDLE_IDENTIFIER = com.pupils.NetMusicPlayerTests;
				PRODUCT_NAME = "$(TARGET_NAME)";
				SWIFT_VERSION = 5.0;
				TARGETED_DEVICE_FAMILY = "1,2";
				TEST_HOST = "$(BUILT_PRODUCTS_DIR)/NetMusicPlayer.app/NetMusicPlayer";
			};
			name = Release;
		};
		0885681C268A13960014D249 /* Debug */ = {
			isa = XCBuildConfiguration;
			buildSettings = {
				ALWAYS_EMBED_SWIFT_STANDARD_LIBRARIES = YES;
				CODE_SIGN_STYLE = Automatic;
				DEVELOPMENT_TEAM = 5KBCJMJ6Y8;
				INFOPLIST_FILE = NetMusicPlayerUITests/Info.plist;
				LD_RUNPATH_SEARCH_PATHS = (
					"$(inherited)",
					"@executable_path/Frameworks",
					"@loader_path/Frameworks",
				);
				PRODUCT_BUNDLE_IDENTIFIER = com.pupils.NetMusicPlayerUITests;
				PRODUCT_NAME = "$(TARGET_NAME)";
				SWIFT_VERSION = 5.0;
				TARGETED_DEVICE_FAMILY = "1,2";
				TEST_TARGET_NAME = NetMusicPlayer;
			};
			name = Debug;
		};
		0885681D268A13960014D249 /* Release */ = {
			isa = XCBuildConfiguration;
			buildSettings = {
				ALWAYS_EMBED_SWIFT_STANDARD_LIBRARIES = YES;
				CODE_SIGN_STYLE = Automatic;
				DEVELOPMENT_TEAM = 5KBCJMJ6Y8;
				INFOPLIST_FILE = NetMusicPlayerUITests/Info.plist;
				LD_RUNPATH_SEARCH_PATHS = (
					"$(inherited)",
					"@executable_path/Frameworks",
					"@loader_path/Frameworks",
				);
				PRODUCT_BUNDLE_IDENTIFIER = com.pupils.NetMusicPlayerUITests;
				PRODUCT_NAME = "$(TARGET_NAME)";
				SWIFT_VERSION = 5.0;
				TARGETED_DEVICE_FAMILY = "1,2";
				TEST_TARGET_NAME = NetMusicPlayer;
			};
			name = Release;
		};
/* End XCBuildConfiguration section */

/* Begin XCConfigurationList section */
		088567EB268A13950014D249 /* Build configuration list for PBXProject "NetMusicPlayer" */ = {
			isa = XCConfigurationList;
			buildConfigurations = (
				08856813268A13960014D249 /* Debug */,
				08856814268A13960014D249 /* Release */,
			);
			defaultConfigurationIsVisible = 0;
			defaultConfigurationName = Release;
		};
		08856815268A13960014D249 /* Build configuration list for PBXNativeTarget "NetMusicPlayer" */ = {
			isa = XCConfigurationList;
			buildConfigurations = (
				08856816268A13960014D249 /* Debug */,
				08856817268A13960014D249 /* Release */,
			);
			defaultConfigurationIsVisible = 0;
			defaultConfigurationName = Release;
		};
		08856818268A13960014D249 /* Build configuration list for PBXNativeTarget "NetMusicPlayerTests" */ = {
			isa = XCConfigurationList;
			buildConfigurations = (
				08856819268A13960014D249 /* Debug */,
				0885681A268A13960014D249 /* Release */,
			);
			defaultConfigurationIsVisible = 0;
			defaultConfigurationName = Release;
		};
		0885681B268A13960014D249 /* Build configuration list for PBXNativeTarget "NetMusicPlayerUITests" */ = {
			isa = XCConfigurationList;
			buildConfigurations = (
				0885681C268A13960014D249 /* Debug */,
				0885681D268A13960014D249 /* Release */,
			);
			defaultConfigurationIsVisible = 0;
			defaultConfigurationName = Release;
		};
/* End XCConfigurationList section */

/* Begin XCRemoteSwiftPackageReference section */
		0818D367268B575000E3FBDB /* XCRemoteSwiftPackageReference "Alamofire" */ = {
			isa = XCRemoteSwiftPackageReference;
			repositoryURL = "https://github.com/Alamofire/Alamofire.git";
			requirement = {
				kind = upToNextMajorVersion;
				minimumVersion = 5.4.3;
			};
		};
/* End XCRemoteSwiftPackageReference section */

/* Begin XCSwiftPackageProductDependency section */
		0818D368268B575000E3FBDB /* Alamofire */ = {
			isa = XCSwiftPackageProductDependency;
			package = 0818D367268B575000E3FBDB /* XCRemoteSwiftPackageReference "Alamofire" */;
			productName = Alamofire;
		};
/* End XCSwiftPackageProductDependency section */
	};
	rootObject = 088567E8268A13950014D249 /* Project object */;
}
